
Microsoft Visual Studio Solution File, Format Version 12.00
Project("{FAE04EC0-301F-11D3-BF4B-00C04F79EFBC}") = "AppFour", "AppFour\AppFour.csproj", "{406DB839-2C0B-45CF-AFB4-B8ECC4B373CA}"
EndProject
Project("{FAE04EC0-301F-11D3-BF4B-00C04F79EFBC}") = "UniversityDataBase", "UniversityDataBase\UniversityDataBase.csproj", "{445B7FAD-E896-4841-8F2E-A28E9C68D558}"
EndProject
Global
	GlobalSection(SolutionConfigurationPlatforms) = preSolution
		Debug|Any CPU = Debug|Any CPU
		Release|Any CPU = Release|Any CPU
	EndGlobalSection
	GlobalSection(ProjectConfigurationPlatforms) = postSolution
		{406DB839-2C0B-45CF-AFB4-B8ECC4B373CA}.Debug|Any CPU.ActiveCfg = Debug|Any CPU
		{406DB839-2C0B-45CF-AFB4-B8ECC4B373CA}.Debug|Any CPU.Build.0 = Debug|Any CPU
		{406DB839-2C0B-45CF-AFB4-B8ECC4B373CA}.Release|Any CPU.ActiveCfg = Release|Any CPU
		{406DB839-2C0B-45CF-AFB4-B8ECC4B373CA}.Release|Any CPU.Build.0 = Release|Any CPU
		{445B7FAD-E896-4841-8F2E-A28E9C68D558}.Debug|Any CPU.ActiveCfg = Debug|Any CPU
		{445B7FAD-E896-4841-8F2E-A28E9C68D558}.Debug|Any CPU.Build.0 = Debug|Any CPU
		{445B7FAD-E896-4841-8F2E-A28E9C68D558}.Release|Any CPU.ActiveCfg = Release|Any CPU
		{445B7FAD-E896-4841-8F2E-A28E9C68D558}.Release|Any CPU.Build.0 = Release|Any CPU
	EndGlobalSection
EndGlobal
